{
  "name": "pure-node",
  "version": "1.0.0",
  "lockfileVersion": 3,
  "requires": true,
  "packages": {
    "": {
      "name": "pure-node",
      "version": "1.0.0",
      "license": "MIT",
      "dependencies": {
        "mustache": "file:/src/data/sources/packages/mustache"
      }
    },
    "../../data/sources/packages/mustache": {},
    "node_modules/mustache": {
      "resolved": "../../data/sources/packages/mustache",
      "link": true
    }
  }
}
