{
  "name": "pure-node",
  "version": "1.0.0",
  "lockfileVersion": 3,
  "requires": true,
  "packages": {
    "": {
      "name": "pure-node",
      "version": "1.0.0",
      "license": "MIT",
      "dependencies": {
        "dotenv": "file:/src/data/sources/packages/dotenv",
        "http-status-codes": "file:/src/data/sources/packages/http-status-codes",
        "mustache": "file:/src/data/sources/packages/mustache"
      }
    },
    "../../data/sources/packages/dotenv": {},
    "../../data/sources/packages/http-status-codes": {},
    "../../data/sources/packages/mustache": {},
    "node_modules/dotenv": {
      "resolved": "../../data/sources/packages/dotenv",
      "link": true
    },
    "node_modules/http-status-codes": {
      "resolved": "../../data/sources/packages/http-status-codes",
      "link": true
    },
    "node_modules/mustache": {
      "resolved": "../../data/sources/packages/mustache",
      "link": true
    }
  }
}
